
Microsoft Visual Studio Solution File, Format Version 12.00
# Visual Studio Version 16
VisualStudioVersion = 16.0.29911.84
MinimumVisualStudioVersion = 10.0.40219.1
Project("{FAE04EC0-301F-11D3-BF4B-00C04F79EFBC}") = "loop-homework", "loop-homework\loop-homework.csproj", "{8EEBD9FD-1C8A-4B36-A976-128C86680B50}"
EndProject
Global
	GlobalSection(SolutionConfigurationPlatforms) = preSolution
		Debug|Any CPU = Debug|Any CPU
		Release|Any CPU = Release|Any CPU
	EndGlobalSection
	GlobalSection(ProjectConfigurationPlatforms) = postSolution
		{8EEBD9FD-1C8A-4B36-A976-128C86680B50}.Debug|Any CPU.ActiveCfg = Debug|Any CPU
		{8EEBD9FD-1C8A-4B36-A976-128C86680B50}.Debug|Any CPU.Build.0 = Debug|Any CPU
		{8EEBD9FD-1C8A-4B36-A976-128C86680B50}.Release|Any CPU.ActiveCfg = Release|Any CPU
		{8EEBD9FD-1C8A-4B36-A976-128C86680B50}.Release|Any CPU.Build.0 = Release|Any CPU
	EndGlobalSection
	GlobalSection(SolutionProperties) = preSolution
		HideSolutionNode = FALSE
	EndGlobalSection
	GlobalSection(ExtensibilityGlobals) = postSolution
		SolutionGuid = {FECEABD1-068F-4972-ABCF-81662E0D1869}
	EndGlobalSection
EndGlobal
